{
  "name": "@writetome51/public-array-container-by-type-implementation",
  "version": "1.0.0",
  "lockfileVersion": 1,
  "requires": true,
  "dependencies": {
    "@writetome51/is-array-not-array": {
      "version": "1.0.0",
      "resolved": "https://registry.npmjs.org/@writetome51/is-array-not-array/-/is-array-not-array-1.0.0.tgz",
      "integrity": "sha512-u3L1FTbTXKbC1lBVSnBwJ24qtrnyz10IbSAk7E9UgoYnn7jFw9+HuIVseoSIxPnPbn6JXesPDVLI/MYSey4rJQ=="
    },
    "@writetome51/is-object-not-object": {
      "version": "1.0.0",
      "resolved": "https://registry.npmjs.org/@writetome51/is-object-not-object/-/is-object-not-object-1.0.0.tgz",
      "integrity": "sha512-cOXtcCfTC5vQ1JT1s6GIgWp68ShC6q0qdUllxr3ZqwZ2exPGPNc0YS1h+nuv8T4rR23RCVJ58zoldBPlUDx8gA=="
    },
    "error-if-not-string": {
      "version": "1.0.0",
      "resolved": "https://registry.npmjs.org/error-if-not-string/-/error-if-not-string-1.0.0.tgz",
      "integrity": "sha512-E6wtxXWm8q0me18Jd8NdLXhmvEzsqCt1Rsexil3N2xOPOl5Tj647f3DgzHXkzN2pXS80S8yPGNbpVBSqgmRukQ=="
    }
  }
}
